
Microsoft Visual Studio Solution File, Format Version 12.00
# Visual Studio Version 16
VisualStudioVersion = 16.0.30406.217
MinimumVisualStudioVersion = 10.0.40219.1
Project("{FAE04EC0-301F-11D3-BF4B-00C04F79EFBC}") = "SolidPrinciples", "SolidPrinciples\SolidPrinciples.csproj", "{4CCCA36E-64C6-438C-B843-335BC7DFFAFD}"
EndProject
Global
	GlobalSection(SolutionConfigurationPlatforms) = preSolution
		Debug|Any CPU = Debug|Any CPU
		Release|Any CPU = Release|Any CPU
	EndGlobalSection
	GlobalSection(ProjectConfigurationPlatforms) = postSolution
		{4CCCA36E-64C6-438C-B843-335BC7DFFAFD}.Debug|Any CPU.ActiveCfg = Debug|Any CPU
		{4CCCA36E-64C6-438C-B843-335BC7DFFAFD}.Debug|Any CPU.Build.0 = Debug|Any CPU
		{4CCCA36E-64C6-438C-B843-335BC7DFFAFD}.Release|Any CPU.ActiveCfg = Release|Any CPU
		{4CCCA36E-64C6-438C-B843-335BC7DFFAFD}.Release|Any CPU.Build.0 = Release|Any CPU
	EndGlobalSection
	GlobalSection(SolutionProperties) = preSolution
		HideSolutionNode = FALSE
	EndGlobalSection
	GlobalSection(ExtensibilityGlobals) = postSolution
		SolutionGuid = {86C9F074-DB13-4BDB-97EF-A39CC4D01D33}
	EndGlobalSection
EndGlobal
